
Microsoft Visual Studio Solution File, Format Version 12.00
# Visual Studio Version 17
VisualStudioVersion = 17.4.33205.214
MinimumVisualStudioVersion = 10.0.40219.1
Project("{2150E333-8FDC-42A3-9474-1A3956D46DE8}") = "Solution Items", "Solution Items", "{8642084B-06E2-4527-A9FC-4789EE34DD4F}"
	ProjectSection(SolutionItems) = preProject
		.github\workflows\cd.yml = .github\workflows\cd.yml
		.github\workflows\ci.yml = .github\workflows\ci.yml
	EndProjectSection
EndProject
Project("{9A19103F-16F7-4668-BE54-9A1E7A4F7556}") = "wpf_cicd", "wpf_cicd\wpf_cicd.csproj", "{153F352F-2B21-4284-A03E-607F9DCE5FE4}"
EndProject
Project("{C7167F0D-BC9F-4E6E-AFE1-012C56B48DB5}") = "wap_wpf_cicd", "wap_wpf_cicd\wap_wpf_cicd.wapproj", "{A48B0D31-8564-4F67-8DBB-7490C2C7F3A8}"
EndProject
Global
	GlobalSection(SolutionConfigurationPlatforms) = preSolution
		Debug|Any CPU = Debug|Any CPU
		Debug|ARM = Debug|ARM
		Debug|ARM64 = Debug|ARM64
		Debug|x64 = Debug|x64
		Debug|x86 = Debug|x86
		Release|Any CPU = Release|Any CPU
		Release|ARM = Release|ARM
		Release|ARM64 = Release|ARM64
		Release|x64 = Release|x64
		Release|x86 = Release|x86
	EndGlobalSection
	GlobalSection(ProjectConfigurationPlatforms) = postSolution
		{153F352F-2B21-4284-A03E-607F9DCE5FE4}.Debug|Any CPU.ActiveCfg = Debug|Any CPU
		{153F352F-2B21-4284-A03E-607F9DCE5FE4}.Debug|Any CPU.Build.0 = Debug|Any CPU
		{153F352F-2B21-4284-A03E-607F9DCE5FE4}.Debug|ARM.ActiveCfg = Debug|Any CPU
		{153F352F-2B21-4284-A03E-607F9DCE5FE4}.Debug|ARM.Build.0 = Debug|Any CPU
		{153F352F-2B21-4284-A03E-607F9DCE5FE4}.Debug|ARM64.ActiveCfg = Debug|Any CPU
		{153F352F-2B21-4284-A03E-607F9DCE5FE4}.Debug|ARM64.Build.0 = Debug|Any CPU
		{153F352F-2B21-4284-A03E-607F9DCE5FE4}.Debug|x64.ActiveCfg = Debug|x64
		{153F352F-2B21-4284-A03E-607F9DCE5FE4}.Debug|x64.Build.0 = Debug|x64
		{153F352F-2B21-4284-A03E-607F9DCE5FE4}.Debug|x86.ActiveCfg = Debug|Any CPU
		{153F352F-2B21-4284-A03E-607F9DCE5FE4}.Debug|x86.Build.0 = Debug|Any CPU
		{153F352F-2B21-4284-A03E-607F9DCE5FE4}.Release|Any CPU.ActiveCfg = Release|Any CPU
		{153F352F-2B21-4284-A03E-607F9DCE5FE4}.Release|Any CPU.Build.0 = Release|Any CPU
		{153F352F-2B21-4284-A03E-607F9DCE5FE4}.Release|ARM.ActiveCfg = Release|Any CPU
		{153F352F-2B21-4284-A03E-607F9DCE5FE4}.Release|ARM.Build.0 = Release|Any CPU
		{153F352F-2B21-4284-A03E-607F9DCE5FE4}.Release|ARM64.ActiveCfg = Release|Any CPU
		{153F352F-2B21-4284-A03E-607F9DCE5FE4}.Release|ARM64.Build.0 = Release|Any CPU
		{153F352F-2B21-4284-A03E-607F9DCE5FE4}.Release|x64.ActiveCfg = Release|x64
		{153F352F-2B21-4284-A03E-607F9DCE5FE4}.Release|x64.Build.0 = Release|x64
		{153F352F-2B21-4284-A03E-607F9DCE5FE4}.Release|x86.ActiveCfg = Release|Any CPU
		{153F352F-2B21-4284-A03E-607F9DCE5FE4}.Release|x86.Build.0 = Release|Any CPU
		{A48B0D31-8564-4F67-8DBB-7490C2C7F3A8}.Debug|Any CPU.ActiveCfg = Debug|Any CPU
		{A48B0D31-8564-4F67-8DBB-7490C2C7F3A8}.Debug|Any CPU.Build.0 = Debug|Any CPU
		{A48B0D31-8564-4F67-8DBB-7490C2C7F3A8}.Debug|Any CPU.Deploy.0 = Debug|Any CPU
		{A48B0D31-8564-4F67-8DBB-7490C2C7F3A8}.Debug|ARM.ActiveCfg = Debug|ARM
		{A48B0D31-8564-4F67-8DBB-7490C2C7F3A8}.Debug|ARM.Build.0 = Debug|ARM
		{A48B0D31-8564-4F67-8DBB-7490C2C7F3A8}.Debug|ARM.Deploy.0 = Debug|ARM
		{A48B0D31-8564-4F67-8DBB-7490C2C7F3A8}.Debug|ARM64.ActiveCfg = Debug|ARM64
		{A48B0D31-8564-4F67-8DBB-7490C2C7F3A8}.Debug|ARM64.Build.0 = Debug|ARM64
		{A48B0D31-8564-4F67-8DBB-7490C2C7F3A8}.Debug|ARM64.Deploy.0 = Debug|ARM64
		{A48B0D31-8564-4F67-8DBB-7490C2C7F3A8}.Debug|x64.ActiveCfg = Debug|x64
		{A48B0D31-8564-4F67-8DBB-7490C2C7F3A8}.Debug|x64.Build.0 = Debug|x64
		{A48B0D31-8564-4F67-8DBB-7490C2C7F3A8}.Debug|x64.Deploy.0 = Debug|x64
		{A48B0D31-8564-4F67-8DBB-7490C2C7F3A8}.Debug|x86.ActiveCfg = Debug|x86
		{A48B0D31-8564-4F67-8DBB-7490C2C7F3A8}.Debug|x86.Build.0 = Debug|x86
		{A48B0D31-8564-4F67-8DBB-7490C2C7F3A8}.Debug|x86.Deploy.0 = Debug|x86
		{A48B0D31-8564-4F67-8DBB-7490C2C7F3A8}.Release|Any CPU.ActiveCfg = Release|Any CPU
		{A48B0D31-8564-4F67-8DBB-7490C2C7F3A8}.Release|Any CPU.Build.0 = Release|Any CPU
		{A48B0D31-8564-4F67-8DBB-7490C2C7F3A8}.Release|Any CPU.Deploy.0 = Release|Any CPU
		{A48B0D31-8564-4F67-8DBB-7490C2C7F3A8}.Release|ARM.ActiveCfg = Release|ARM
		{A48B0D31-8564-4F67-8DBB-7490C2C7F3A8}.Release|ARM.Build.0 = Release|ARM
		{A48B0D31-8564-4F67-8DBB-7490C2C7F3A8}.Release|ARM.Deploy.0 = Release|ARM
		{A48B0D31-8564-4F67-8DBB-7490C2C7F3A8}.Release|ARM64.ActiveCfg = Release|ARM64
		{A48B0D31-8564-4F67-8DBB-7490C2C7F3A8}.Release|ARM64.Build.0 = Release|ARM64
		{A48B0D31-8564-4F67-8DBB-7490C2C7F3A8}.Release|ARM64.Deploy.0 = Release|ARM64
		{A48B0D31-8564-4F67-8DBB-7490C2C7F3A8}.Release|x64.ActiveCfg = Release|x64
		{A48B0D31-8564-4F67-8DBB-7490C2C7F3A8}.Release|x64.Build.0 = Release|x64
		{A48B0D31-8564-4F67-8DBB-7490C2C7F3A8}.Release|x64.Deploy.0 = Release|x64
		{A48B0D31-8564-4F67-8DBB-7490C2C7F3A8}.Release|x86.ActiveCfg = Release|x86
		{A48B0D31-8564-4F67-8DBB-7490C2C7F3A8}.Release|x86.Build.0 = Release|x86
		{A48B0D31-8564-4F67-8DBB-7490C2C7F3A8}.Release|x86.Deploy.0 = Release|x86
	EndGlobalSection
	GlobalSection(SolutionProperties) = preSolution
		HideSolutionNode = FALSE
	EndGlobalSection
	GlobalSection(ExtensibilityGlobals) = postSolution
		SolutionGuid = {92F3442E-73BB-4FE8-A4C4-1588985805E1}
	EndGlobalSection
EndGlobal
